// !$*UTF8*$!
{
	archiveVersion = 1;
	classes = {
	};
	objectVersion = 46;
	objects = {

/* Begin PBXBuildFile section */
		176DABD61D79B0D5000F9120 /* AppDelegate.swift in Sources */ = {isa = PBXBuildFile; fileRef = 176DABD51D79B0D5000F9120 /* AppDelegate.swift */; };
		176DABD81D79B0D5000F9120 /* ViewController.swift in Sources */ = {isa = PBXBuildFile; fileRef = 176DABD71D79B0D5000F9120 /* ViewController.swift */; };
		176DABDB1D79B0D5000F9120 /* Main.storyboard in Resources */ = {isa = PBXBuildFile; fileRef = 176DABD91D79B0D5000F9120 /* Main.storyboard */; };
		176DABDD1D79B0D5000F9120 /* Assets.xcassets in Resources */ = {isa = PBXBuildFile; fileRef = 176DABDC1D79B0D5000F9120 /* Assets.xcassets */; };
		176DABE01D79B0D5000F9120 /* LaunchScreen.storyboard in Resources */ = {isa = PBXBuildFile; fileRef = 176DABDE1D79B0D5000F9120 /* LaunchScreen.storyboard */; };
		1781B72E1D7ADE0800B34ABE /* Loco.mp3 in Resources */ = {isa = PBXBuildFile; fileRef = 1781B7271D7ADE0800B34ABE /* Loco.mp3 */; };
		1781B72F1D7ADE0800B34ABE /* CouldYouBeLoved.mp3 in Resources */ = {isa = PBXBuildFile; fileRef = 1781B7281D7ADE0800B34ABE /* CouldYouBeLoved.mp3 */; };
		1781B7301D7ADE0800B34ABE /* VoyABeber.mp3 in Resources */ = {isa = PBXBuildFile; fileRef = 1781B7291D7ADE0800B34ABE /* VoyABeber.mp3 */; };
		1781B7311D7ADE0800B34ABE /* Prrum.mp3 in Resources */ = {isa = PBXBuildFile; fileRef = 1781B72A1D7ADE0800B34ABE /* Prrum.mp3 */; };
		1781B7321D7ADE0800B34ABE /* Temperatura.mp3 in Resources */ = {isa = PBXBuildFile; fileRef = 1781B72B1D7ADE0800B34ABE /* Temperatura.mp3 */; };
		1781B7331D7ADE0800B34ABE /* Batender.mp3 in Resources */ = {isa = PBXBuildFile; fileRef = 1781B72C1D7ADE0800B34ABE /* Batender.mp3 */; };
		1781B7341D7ADE0800B34ABE /* Bailando.mp3 in Resources */ = {isa = PBXBuildFile; fileRef = 1781B72D1D7ADE0800B34ABE /* Bailando.mp3 */; };
		1781B7361D7ADE2400B34ABE /* Macarena.mp3 in Resources */ = {isa = PBXBuildFile; fileRef = 1781B7351D7ADE2400B34ABE /* Macarena.mp3 */; };
/* End PBXBuildFile section */

/* Begin PBXFileReference section */
		176DABD21D79B0D4000F9120 /* ReproductorDeMusica.app */ = {isa = PBXFileReference; explicitFileType = wrapper.application; includeInIndex = 0; path = ReproductorDeMusica.app; sourceTree = BUILT_PRODUCTS_DIR; };
		176DABD51D79B0D5000F9120 /* AppDelegate.swift */ = {isa = PBXFileReference; lastKnownFileType = sourcecode.swift; path = AppDelegate.swift; sourceTree = "<group>"; };
		176DABD71D79B0D5000F9120 /* ViewController.swift */ = {isa = PBXFileReference; lastKnownFileType = sourcecode.swift; path = ViewController.swift; sourceTree = "<group>"; };
		176DABDA1D79B0D5000F9120 /* Base */ = {isa = PBXFileReference; lastKnownFileType = file.storyboard; name = Base; path = Base.lproj/Main.storyboard; sourceTree = "<group>"; };
		176DABDC1D79B0D5000F9120 /* Assets.xcassets */ = {isa = PBXFileReference; lastKnownFileType = folder.assetcatalog; path = Assets.xcassets; sourceTree = "<group>"; };
		176DABDF1D79B0D5000F9120 /* Base */ = {isa = PBXFileReference; lastKnownFileType = file.storyboard; name = Base; path = Base.lproj/LaunchScreen.storyboard; sourceTree = "<group>"; };
		176DABE11D79B0D5000F9120 /* Info.plist */ = {isa = PBXFileReference; lastKnownFileType = text.plist.xml; path = Info.plist; sourceTree = "<group>"; };
		1781B7271D7ADE0800B34ABE /* Loco.mp3 */ = {isa = PBXFileReference; lastKnownFileType = audio.mp3; path = Loco.mp3; sourceTree = "<group>"; };
		1781B7281D7ADE0800B34ABE /* CouldYouBeLoved.mp3 */ = {isa = PBXFileReference; lastKnownFileType = audio.mp3; path = CouldYouBeLoved.mp3; sourceTree = "<group>"; };
		1781B7291D7ADE0800B34ABE /* VoyABeber.mp3 */ = {isa = PBXFileReference; lastKnownFileType = audio.mp3; path = VoyABeber.mp3; sourceTree = "<group>"; };
		1781B72A1D7ADE0800B34ABE /* Prrum.mp3 */ = {isa = PBXFileReference; lastKnownFileType = audio.mp3; path = Prrum.mp3; sourceTree = "<group>"; };
		1781B72B1D7ADE0800B34ABE /* Temperatura.mp3 */ = {isa = PBXFileReference; lastKnownFileType = audio.mp3; path = Temperatura.mp3; sourceTree = "<group>"; };
		1781B72C1D7ADE0800B34ABE /* Batender.mp3 */ = {isa = PBXFileReference; lastKnownFileType = audio.mp3; path = Batender.mp3; sourceTree = "<group>"; };
		1781B72D1D7ADE0800B34ABE /* Bailando.mp3 */ = {isa = PBXFileReference; lastKnownFileType = audio.mp3; path = Bailando.mp3; sourceTree = "<group>"; };
		1781B7351D7ADE2400B34ABE /* Macarena.mp3 */ = {isa = PBXFileReference; lastKnownFileType = audio.mp3; path = Macarena.mp3; sourceTree = "<group>"; };
/* End PBXFileReference section */

/* Begin PBXFrameworksBuildPhase section */
		176DABCF1D79B0D4000F9120 /* Frameworks */ = {
			isa = PBXFrameworksBuildPhase;
			buildActionMask = 2147483647;
			files = (
			);
			runOnlyForDeploymentPostprocessing = 0;
		};
/* End PBXFrameworksBuildPhase section */

/* Begin PBXGroup section */
		171931221D79D7380080D06E /* Canciones */ = {
			isa = PBXGroup;
			children = (
				1781B7351D7ADE2400B34ABE /* Macarena.mp3 */,
				1781B7271D7ADE0800B34ABE /* Loco.mp3 */,
				1781B7281D7ADE0800B34ABE /* CouldYouBeLoved.mp3 */,
				1781B7291D7ADE0800B34ABE /* VoyABeber.mp3 */,
				1781B72A1D7ADE0800B34ABE /* Prrum.mp3 */,
				1781B72B1D7ADE0800B34ABE /* Temperatura.mp3 */,
				1781B72C1D7ADE0800B34ABE /* Batender.mp3 */,
				1781B72D1D7ADE0800B34ABE /* Bailando.mp3 */,
			);
			name = Canciones;
			sourceTree = "<group>";
		};
		176DABC91D79B0D4000F9120 = {
			isa = PBXGroup;
			children = (
				176DABD41D79B0D5000F9120 /* ReproductorDeMusica */,
				176DABD31D79B0D4000F9120 /* Products */,
			);
			sourceTree = "<group>";
		};
		176DABD31D79B0D4000F9120 /* Products */ = {
			isa = PBXGroup;
			children = (
				176DABD21D79B0D4000F9120 /* ReproductorDeMusica.app */,
			);
			name = Products;
			sourceTree = "<group>";
		};
		176DABD41D79B0D5000F9120 /* ReproductorDeMusica */ = {
			isa = PBXGroup;
			children = (
				171931221D79D7380080D06E /* Canciones */,
				176DABD51D79B0D5000F9120 /* AppDelegate.swift */,
				176DABD71D79B0D5000F9120 /* ViewController.swift */,
				176DABD91D79B0D5000F9120 /* Main.storyboard */,
				176DABDC1D79B0D5000F9120 /* Assets.xcassets */,
				176DABDE1D79B0D5000F9120 /* LaunchScreen.storyboard */,
				176DABE11D79B0D5000F9120 /* Info.plist */,
			);
			path = ReproductorDeMusica;
			sourceTree = "<group>";
		};
/* End PBXGroup section */

/* Begin PBXNativeTarget section */
		176DABD11D79B0D4000F9120 /* ReproductorDeMusica */ = {
			isa = PBXNativeTarget;
			buildConfigurationList = 176DABE41D79B0D5000F9120 /* Build configuration list for PBXNativeTarget "ReproductorDeMusica" */;
			buildPhases = (
				176DABCE1D79B0D4000F9120 /* Sources */,
				176DABCF1D79B0D4000F9120 /* Frameworks */,
				176DABD01D79B0D4000F9120 /* Resources */,
			);
			buildRules = (
			);
			dependencies = (
			);
			name = ReproductorDeMusica;
			productName = ReproductorDeMusica;
			productReference = 176DABD21D79B0D4000F9120 /* ReproductorDeMusica.app */;
			productType = "com.apple.product-type.application";
		};
/* End PBXNativeTarget section */

/* Begin PBXProject section */
		176DABCA1D79B0D4000F9120 /* Project object */ = {
			isa = PBXProject;
			attributes = {
				LastSwiftUpdateCheck = 0730;
				LastUpgradeCheck = 0730;
				ORGANIZATIONNAME = "Marcos Suarez";
				TargetAttributes = {
					176DABD11D79B0D4000F9120 = {
						CreatedOnToolsVersion = 7.3.1;
						DevelopmentTeam = 8CMRPSP89R;
					};
				};
			};
			buildConfigurationList = 176DABCD1D79B0D4000F9120 /* Build configuration list for PBXProject "ReproductorDeMusica" */;
			compatibilityVersion = "Xcode 3.2";
			developmentRegion = English;
			hasScannedForEncodings = 0;
			knownRegions = (
				en,
				Base,
			);
			mainGroup = 176DABC91D79B0D4000F9120;
			productRefGroup = 176DABD31D79B0D4000F9120 /* Products */;
			projectDirPath = "";
			projectRoot = "";
			targets = (
				176DABD11D79B0D4000F9120 /* ReproductorDeMusica */,
			);
		};
/* End PBXProject section */

/* Begin PBXResourcesBuildPhase section */
		176DABD01D79B0D4000F9120 /* Resources */ = {
			isa = PBXResourcesBuildPhase;
			buildActionMask = 2147483647;
			files = (
				176DABE01D79B0D5000F9120 /* LaunchScreen.storyboard in Resources */,
				176DABDD1D79B0D5000F9120 /* Assets.xcassets in Resources */,
				1781B7301D7ADE0800B34ABE /* VoyABeber.mp3 in Resources */,
				1781B72F1D7ADE0800B34ABE /* CouldYouBeLoved.mp3 in Resources */,
				1781B7341D7ADE0800B34ABE /* Bailando.mp3 in Resources */,
				176DABDB1D79B0D5000F9120 /* Main.storyboard in Resources */,
				1781B72E1D7ADE0800B34ABE /* Loco.mp3 in Resources */,
				1781B7331D7ADE0800B34ABE /* Batender.mp3 in Resources */,
				1781B7311D7ADE0800B34ABE /* Prrum.mp3 in Resources */,
				1781B7321D7ADE0800B34ABE /* Temperatura.mp3 in Resources */,
				1781B7361D7ADE2400B34ABE /* Macarena.mp3 in Resources */,
			);
			runOnlyForDeploymentPostprocessing = 0;
		};
/* End PBXResourcesBuildPhase section */

/* Begin PBXSourcesBuildPhase section */
		176DABCE1D79B0D4000F9120 /* Sources */ = {
			isa = PBXSourcesBuildPhase;
			buildActionMask = 2147483647;
			files = (
				176DABD81D79B0D5000F9120 /* ViewController.swift in Sources */,
				176DABD61D79B0D5000F9120 /* AppDelegate.swift in Sources */,
			);
			runOnlyForDeploymentPostprocessing = 0;
		};
/* End PBXSourcesBuildPhase section */

/* Begin PBXVariantGroup section */
		176DABD91D79B0D5000F9120 /* Main.storyboard */ = {
			isa = PBXVariantGroup;
			children = (
				176DABDA1D79B0D5000F9120 /* Base */,
			);
			name = Main.storyboard;
			sourceTree = "<group>";
		};
		176DABDE1D79B0D5000F9120 /* LaunchScreen.storyboard */ = {
			isa = PBXVariantGroup;
			children = (
				176DABDF1D79B0D5000F9120 /* Base */,
			);
			name = LaunchScreen.storyboard;
			sourceTree = "<group>";
		};
/* End PBXVariantGroup section */

/* Begin XCBuildConfiguration section */
		176DABE21D79B0D5000F9120 /* Debug */ = {
			isa = XCBuildConfiguration;
			buildSettings = {
				ALWAYS_SEARCH_USER_PATHS = NO;
				CLANG_ANALYZER_NONNULL = YES;
				CLANG_CXX_LANGUAGE_STANDARD = "gnu++0x";
				CLANG_CXX_LIBRARY = "libc++";
				CLANG_ENABLE_MODULES = YES;
				CLANG_ENABLE_OBJC_ARC = YES;
				CLANG_WARN_BOOL_CONVERSION = YES;
				CLANG_WARN_CONSTANT_CONVERSION = YES;
				CLANG_WARN_DIRECT_OBJC_ISA_USAGE = YES_ERROR;
				CLANG_WARN_EMPTY_BODY = YES;
				CLANG_WARN_ENUM_CONVERSION = YES;
				CLANG_WARN_INT_CONVERSION = YES;
				CLANG_WARN_OBJC_ROOT_CLASS = YES_ERROR;
				CLANG_WARN_UNREACHABLE_CODE = YES;
				CLANG_WARN__DUPLICATE_METHOD_MATCH = YES;
				"CODE_SIGN_IDENTITY[sdk=iphoneos*]" = "iPhone Developer";
				COPY_PHASE_STRIP = NO;
				DEBUG_INFORMATION_FORMAT = dwarf;
				ENABLE_STRICT_OBJC_MSGSEND = YES;
				ENABLE_TESTABILITY = YES;
				GCC_C_LANGUAGE_STANDARD = gnu99;
				GCC_DYNAMIC_NO_PIC = NO;
				GCC_NO_COMMON_BLOCKS = YES;
				GCC_OPTIMIZATION_LEVEL = 0;
				GCC_PREPROCESSOR_DEFINITIONS = (
					"DEBUG=1",
					"$(inherited)",
				);
				GCC_WARN_64_TO_32_BIT_CONVERSION = YES;
				GCC_WARN_ABOUT_RETURN_TYPE = YES_ERROR;
				GCC_WARN_UNDECLARED_SELECTOR = YES;
				GCC_WARN_UNINITIALIZED_AUTOS = YES_AGGRESSIVE;
				GCC_WARN_UNUSED_FUNCTION = YES;
				GCC_WARN_UNUSED_VARIABLE = YES;
				IPHONEOS_DEPLOYMENT_TARGET = 9.3;
				MTL_ENABLE_DEBUG_INFO = YES;
				ONLY_ACTIVE_ARCH = YES;
				SDKROOT = iphoneos;
				SWIFT_OPTIMIZATION_LEVEL = "-Onone";
				TARGETED_DEVICE_FAMILY = "1,2";
			};
			name = Debug;
		};
		176DABE31D79B0D5000F9120 /* Release */ = {
			isa = XCBuildConfiguration;
			buildSettings = {
				ALWAYS_SEARCH_USER_PATHS = NO;
				CLANG_ANALYZER_NONNULL = YES;
				CLANG_CXX_LANGUAGE_STANDARD = "gnu++0x";
				CLANG_CXX_LIBRARY = "libc++";
				CLANG_ENABLE_MODULES = YES;
				CLANG_ENABLE_OBJC_ARC = YES;
				CLANG_WARN_BOOL_CONVERSION = YES;
				CLANG_WARN_CONSTANT_CONVERSION = YES;
				CLANG_WARN_DIRECT_OBJC_ISA_USAGE = YES_ERROR;
				CLANG_WARN_EMPTY_BODY = YES;
				CLANG_WARN_ENUM_CONVERSION = YES;
				CLANG_WARN_INT_CONVERSION = YES;
				CLANG_WARN_OBJC_ROOT_CLASS = YES_ERROR;
				CLANG_WARN_UNREACHABLE_CODE = YES;
				CLANG_WARN__DUPLICATE_METHOD_MATCH = YES;
				"CODE_SIGN_IDENTITY[sdk=iphoneos*]" = "iPhone Developer";
				COPY_PHASE_STRIP = NO;
				DEBUG_INFORMATION_FORMAT = "dwarf-with-dsym";
				ENABLE_NS_ASSERTIONS = NO;
				ENABLE_STRICT_OBJC_MSGSEND = YES;
				GCC_C_LANGUAGE_STANDARD = gnu99;
				GCC_NO_COMMON_BLOCKS = YES;
				GCC_WARN_64_TO_32_BIT_CONVERSION = YES;
				GCC_WARN_ABOUT_RETURN_TYPE = YES_ERROR;
				GCC_WARN_UNDECLARED_SELECTOR = YES;
				GCC_WARN_UNINITIALIZED_AUTOS = YES_AGGRESSIVE;
				GCC_WARN_UNUSED_FUNCTION = YES;
				GCC_WARN_UNUSED_VARIABLE = YES;
				IPHONEOS_DEPLOYMENT_TARGET = 9.3;
				MTL_ENABLE_DEBUG_INFO = NO;
				SDKROOT = iphoneos;
				TARGETED_DEVICE_FAMILY = "1,2";
				VALIDATE_PRODUCT = YES;
			};
			name = Release;
		};
		176DABE51D79B0D5000F9120 /* Debug */ = {
			isa = XCBuildConfiguration;
			buildSettings = {
				ASSETCATALOG_COMPILER_APPICON_NAME = AppIcon;
				INFOPLIST_FILE = ReproductorDeMusica/Info.plist;
				LD_RUNPATH_SEARCH_PATHS = "$(inherited) @executable_path/Frameworks";
				PRODUCT_BUNDLE_IDENTIFIER = suarez.marcos.ReproductorDeMusica;
				PRODUCT_NAME = "$(TARGET_NAME)";
			};
			name = Debug;
		};
		176DABE61D79B0D5000F9120 /* Release */ = {
			isa = XCBuildConfiguration;
			buildSettings = {
				ASSETCATALOG_COMPILER_APPICON_NAME = AppIcon;
				INFOPLIST_FILE = ReproductorDeMusica/Info.plist;
				LD_RUNPATH_SEARCH_PATHS = "$(inherited) @executable_path/Frameworks";
				PRODUCT_BUNDLE_IDENTIFIER = suarez.marcos.ReproductorDeMusica;
				PRODUCT_NAME = "$(TARGET_NAME)";
			};
			name = Release;
		};
/* End XCBuildConfiguration section */

/* Begin XCConfigurationList section */
		176DABCD1D79B0D4000F9120 /* Build configuration list for PBXProject "ReproductorDeMusica" */ = {
			isa = XCConfigurationList;
			buildConfigurations = (
				176DABE21D79B0D5000F9120 /* Debug */,
				176DABE31D79B0D5000F9120 /* Release */,
			);
			defaultConfigurationIsVisible = 0;
			defaultConfigurationName = Release;
		};
		176DABE41D79B0D5000F9120 /* Build configuration list for PBXNativeTarget "ReproductorDeMusica" */ = {
			isa = XCConfigurationList;
			buildConfigurations = (
				176DABE51D79B0D5000F9120 /* Debug */,
				176DABE61D79B0D5000F9120 /* Release */,
			);
			defaultConfigurationIsVisible = 0;
			defaultConfigurationName = Release;
		};
/* End XCConfigurationList section */
	};
	rootObject = 176DABCA1D79B0D4000F9120 /* Project object */;
}
